lockfileVersion: '9.0'

settings:
  autoInstallPeers: true
  excludeLinksFromLockfile: false

importers:

  .: {}

  packages/firey:
    dependencies:
      bun:
        specifier: ^1.1.12
        version: 1.1.12
      log4js:
        specifier: ^6.9.1
        version: 6.9.1
      pm2:
        specifier: ^5.4.0
        version: 5.4.0
    devDependencies:
      '@types/node':
        specifier: ^20.14.1
        version: 20.14.1
      nodemon:
        specifier: ^3.1.3
        version: 3.1.3
      ts-node:
        specifier: ^10.9.2
        version: 10.9.2(@types/node@20.14.1)(typescript@5.4.5)
      typescript:
        specifier: ^5.4.5
        version: 5.4.5

  packages/test:
    dependencies:
      pm2:
        specifier: ^5.4.0
        version: 5.4.0
    devDependencies:
      '@types/node':
        specifier: ^20.14.1
        version: 20.14.1
      nodemon:
        specifier: ^3.1.3
        version: 3.1.3
      ts-node:
        specifier: ^10.9.2
        version: 10.9.2(@types/node@20.14.1)(typescript@5.4.5)
      typescript:
        specifier: ^5.4.5
        version: 5.4.5

  packages/test-firey:
    dependencies:
      firey:
        specifier: link:..\firey
        version: link:../firey
      pm2:
        specifier: ^5.4.0
        version: 5.4.0
    devDependencies:
      '@types/node':
        specifier: ^20.14.1
        version: 20.14.1
      nodemon:
        specifier: ^3.1.3
        version: 3.1.3
      ts-node:
        specifier: ^10.9.2
        version: 10.9.2(@types/node@20.14.1)(typescript@5.4.5)
      typescript:
        specifier: ^5.4.5
        version: 5.4.5

packages:

  '@cspotcode/source-map-support@0.8.1':
    resolution: {integrity: sha512-IchNf6dN4tHoMFIn/7OE8LWZ19Y6q/67Bmf6vnGREv8RSbBVb9LPJxEcnwrcwX6ixSvaiGoomAUvu4YSxXrVgw==}
    engines: {node: '>=12'}

  '@jridgewell/resolve-uri@3.1.2':
    resolution: {integrity: sha512-bRISgCIjP20/tbWSPWMEi54QVPRZExkuD9lJL+UIxUKtwVJA8wW1Trb1jMs1RFXo1CBTNZ/5hpC9QvmKWdopKw==}
    engines: {node: '>=6.0.0'}

  '@jridgewell/sourcemap-codec@1.4.15':
    resolution: {integrity: sha512-eF2rxCRulEKXHTRiDrDy6erMYWqNw4LPdQ8UQA4huuxaQsVeRPFl2oM8oDGxMFhJUWZf9McpLtJasDDZb/Bpeg==}

  '@jridgewell/trace-mapping@0.3.9':
    resolution: {integrity: sha512-3Belt6tdc8bPgAtbcmdtNJlirVoTmEb5e2gC94PnkwEW9jI6CAHUeoG85tjWP5WquqfavoMtMwiG4P926ZKKuQ==}

  '@oven/bun-darwin-aarch64@1.1.12':
    resolution: {integrity: sha512-g8nmDXIYDmbEnP6moX3ZTS5BsikX8dz/XB0PAfL+LEBJEGECyor2Hv1yvhGQfeR1/lvfSXsWnk0Hhk9Mrj6uoQ==}
    cpu: [arm64]
    os: [darwin]

  '@oven/bun-darwin-x64-baseline@1.1.12':
    resolution: {integrity: sha512-KXBwaeD9y4GuxSqC1uDNIktTC/jY2DtagiURuUOF1rniYxkkLRNgXotTvVA5NvP2PBCoWyrxZ67WJSBm0AIyjQ==}
    cpu: [x64]
    os: [darwin]

  '@oven/bun-darwin-x64@1.1.12':
    resolution: {integrity: sha512-XWL6atcLxyh4KgOlqqyHUOh4Ylm46CExipJmAdKs30gyYqbw3E+HTFhADsyFEtugOe0qPUNlo0aMo+ZMc1yIQA==}
    cpu: [x64]
    os: [darwin]

  '@oven/bun-linux-aarch64@1.1.12':
    resolution: {integrity: sha512-6Jen4+b5BzInF7bbRjMIWoy3xIuK/kQQn9xehvrAYnr3J9p3vCD5VhzDP20hW9yQcmZtO2kE6pIYCbaaxPNKtg==}
    cpu: [arm64]
    os: [linux]

  '@oven/bun-linux-x64-baseline@1.1.12':
    resolution: {integrity: sha512-luwWf/QGMJ23+yIRBMDnhjYuxh9zXy+Vw4lAzwvLB7phYXCs7IPEhIhZxhcZQ3XMafWtHlWAVo5P6NZZdFRMUQ==}
    cpu: [x64]
    os: [linux]

  '@oven/bun-linux-x64@1.1.12':
    resolution: {integrity: sha512-X4dqnIOv4M9HAL4tAj9bb14WjsfKby5xWNV/otUxtfSDsDrV2ukYUekivEmHqchxHFUHOHyc/cv+/jtfvedDZg==}
    cpu: [x64]
    os: [linux]

  '@oven/bun-windows-x64-baseline@1.1.12':
    resolution: {integrity: sha512-MRn+zcJO1hcVqwJmFxpUSdb6ZvrYC8Xp2N1fPOzdw3YSskz9iHkJuUKzx7s9iCC7jTpo6XI/H51EFr/M2U7Ipg==}
    cpu: [x64]
    os: [win32]

  '@oven/bun-windows-x64@1.1.12':
    resolution: {integrity: sha512-ufvTeXXI9tJSJUhvdPnFUmGqCNBKBazEwjvQ5c8vhtZ8hdBHV54LoURVDIBYCgzfdv5NQT3sr8qRLFqy4mlMLg==}
    cpu: [x64]
    os: [win32]

  '@pm2/agent@2.0.3':
    resolution: {integrity: sha512-xkqqCoTf5VsciMqN0vb9jthW7olVAi4KRFNddCc7ZkeJZ3i8QwZANr4NSH2H5DvseRFHq7MiPspRY/EWAFWWTg==}

  '@pm2/io@6.0.0':
    resolution: {integrity: sha512-sKUEgZoQ5/jRwTyMB1I7u2wXL6dG0j/F/M4ANJ7dJCApfW8nWC0RElMW2siEKvZ79iplIPAaWV27oyBoerEflw==}
    engines: {node: '>=6.0'}

  '@pm2/js-api@0.8.0':
    resolution: {integrity: sha512-nmWzrA/BQZik3VBz+npRcNIu01kdBhWL0mxKmP1ciF/gTcujPTQqt027N9fc1pK9ERM8RipFhymw7RcmCyOEYA==}
    engines: {node: '>=4.0'}

  '@pm2/pm2-version-check@1.0.4':
    resolution: {integrity: sha512-SXsM27SGH3yTWKc2fKR4SYNxsmnvuBQ9dd6QHtEWmiZ/VqaOYPAIlS8+vMcn27YLtAEBGvNRSh3TPNvtjZgfqA==}

  '@tootallnate/quickjs-emscripten@0.23.0':
    resolution: {integrity: sha512-C5Mc6rdnsaJDjO3UpGW/CQTHtCKaYlScZTly4JIu97Jxo/odCiH0ITnDXSJPTOrEKk/ycSZ0AOgTmkDtkOsvIA==}

  '@tsconfig/node10@1.0.11':
    resolution: {integrity: sha512-DcRjDCujK/kCk/cUe8Xz8ZSpm8mS3mNNpta+jGCA6USEDfktlNvm1+IuZ9eTcDbNk41BHwpHHeW+N1lKCz4zOw==}

  '@tsconfig/node12@1.0.11':
    resolution: {integrity: sha512-cqefuRsh12pWyGsIoBKJA9luFu3mRxCA+ORZvA4ktLSzIuCUtWVxGIuXigEwO5/ywWFMZ2QEGKWvkZG1zDMTag==}

  '@tsconfig/node14@1.0.3':
    resolution: {integrity: sha512-ysT8mhdixWK6Hw3i1V2AeRqZ5WfXg1G43mqoYlM2nc6388Fq5jcXyr5mRsqViLx/GJYdoL0bfXD8nmF+Zn/Iow==}

  '@tsconfig/node16@1.0.4':
    resolution: {integrity: sha512-vxhUy4J8lyeyinH7Azl1pdd43GJhZH/tP2weN8TntQblOY+A0XbT8DJk1/oCPuOOyg/Ja757rG0CgHcWC8OfMA==}

  '@types/node@20.14.1':
    resolution: {integrity: sha512-T2MzSGEu+ysB/FkWfqmhV3PLyQlowdptmmgD20C6QxsS8Fmv5SjpZ1ayXaEC0S21/h5UJ9iA6W/5vSNU5l00OA==}

  acorn-walk@8.3.2:
    resolution: {integrity: sha512-cjkyv4OtNCIeqhHrfS81QWXoCBPExR/J62oyEqepVw8WaQeSqpW2uhuLPh1m9eWhDuOo/jUXVTlifvesOWp/4A==}
    engines: {node: '>=0.4.0'}

  acorn@8.11.3:
    resolution: {integrity: sha512-Y9rRfJG5jcKOE0CLisYbojUjIrIEE7AGMzA/Sm4BslANhbS+cDMpgBdcPT91oJ7OuJ9hYJBx59RjbhxVnrF8Xg==}
    engines: {node: '>=0.4.0'}
    hasBin: true

  agent-base@7.1.1:
    resolution: {integrity: sha512-H0TSyFNDMomMNJQBn8wFV5YC/2eJ+VXECwOadZJT554xP6cODZHPX3H9QMQECxvrgiSOP1pHjy1sMWQVYJOUOA==}
    engines: {node: '>= 14'}

  amp-message@0.1.2:
    resolution: {integrity: sha512-JqutcFwoU1+jhv7ArgW38bqrE+LQdcRv4NxNw0mp0JHQyB6tXesWRjtYKlDgHRY2o3JE5UTaBGUK8kSWUdxWUg==}

  amp@0.3.1:
    resolution: {integrity: sha512-OwIuC4yZaRogHKiuU5WlMR5Xk/jAcpPtawWL05Gj8Lvm2F6mwoJt4O/bHI+DHwG79vWd+8OFYM4/BzYqyRd3qw==}

  ansi-colors@4.1.3:
    resolution: {integrity: sha512-/6w/C21Pm1A7aZitlI5Ni/2J6FFQN8i1Cvz3kHABAAbw93v/NlvKdVOqz7CCWz/3iv/JplRSEEZ83XION15ovw==}
    engines: {node: '>=6'}

  ansi-styles@4.3.0:
    resolution: {integrity: sha512-zbB9rCJAT1rbjiVDb2hqKFHNYLxgtk8NURxZ3IZwD3F6NtxbXZQCnnSi1Lkx+IDohdPlFp222wVALIheZJQSEg==}
    engines: {node: '>=8'}

  anymatch@3.1.3:
    resolution: {integrity: sha512-KMReFUr0B4t+D+OBkjR3KYqvocp2XaSzO55UcB6mgQMd3KbcE+mWTyvVV7D/zsdEbNnV6acZUutkiHQXvTr1Rw==}
    engines: {node: '>= 8'}

  arg@4.1.3:
    resolution: {integrity: sha512-58S9QDqG0Xx27YwPSt9fJxivjYl432YCwfDMfZ+71RAqUrZef7LrKQZ3LHLOwCS4FLNBplP533Zx895SeOCHvA==}

  argparse@2.0.1:
    resolution: {integrity: sha512-8+9WqebbFzpX9OR+Wa6O29asIogeRMzcGtAINdpMHHyAg10f05aSFVBbcEqGf/PXw1EjAZ+q2/bEBg3DvurK3Q==}

  ast-types@0.13.4:
    resolution: {integrity: sha512-x1FCFnFifvYDDzTaLII71vG5uvDwgtmDTEVWAxrgeiR8VjMONcCXJx7E+USjDtHlwFmt9MysbqgF9b9Vjr6w+w==}
    engines: {node: '>=4'}

  async@2.6.4:
    resolution: {integrity: sha512-mzo5dfJYwAn29PeiJ0zvwTo04zj8HDJj0Mn8TD7sno7q12prdbnasKJHhkm2c1LgrhlJ0teaea8860oxi51mGA==}

  async@3.2.5:
    resolution: {integrity: sha512-baNZyqaaLhyLVKm/DlvdW051MSgO6b8eVfIezl9E5PqWxFgzLm/wQntEW4zOytVburDEr0JlALEpdOFwvErLsg==}

  balanced-match@1.0.2:
    resolution: {integrity: sha512-3oSeUO0TMV67hN1AmbXsK4yaqU7tjiHlbxRDZOpH0KW9+CeX4bRAaX0Anxt0tx2MrpRpWwQaPwIlISEJhYU5Pw==}

  basic-ftp@5.0.5:
    resolution: {integrity: sha512-4Bcg1P8xhUuqcii/S0Z9wiHIrQVPMermM1any+MX5GeGD7faD3/msQUDGLol9wOcz4/jbg/WJnGqoJF6LiBdtg==}
    engines: {node: '>=10.0.0'}

  binary-extensions@2.3.0:
    resolution: {integrity: sha512-Ceh+7ox5qe7LJuLHoY0feh3pHuUDHAcRUeyL2VYghZwfpkNIy/+8Ocg0a3UuSoYzavmylwuLWQOf3hl0jjMMIw==}
    engines: {node: '>=8'}

  blessed@0.1.81:
    resolution: {integrity: sha512-LoF5gae+hlmfORcG1M5+5XZi4LBmvlXTzwJWzUlPryN/SJdSflZvROM2TwkT0GMpq7oqT48NRd4GS7BiVBc5OQ==}
    engines: {node: '>= 0.8.0'}
    hasBin: true

  bodec@0.1.0:
    resolution: {integrity: sha512-Ylo+MAo5BDUq1KA3f3R/MFhh+g8cnHmo8bz3YPGhI1znrMaf77ol1sfvYJzsw3nTE+Y2GryfDxBaR+AqpAkEHQ==}

  brace-expansion@1.1.11:
    resolution: {integrity: sha512-iCuPHDFgrHX7H2vEI/5xpz07zSHB00TpugqhmYtVmMO6518mCuRMoOYFldEBl0g187ufozdaHgWKcYFb61qGiA==}

  braces@3.0.3:
    resolution: {integrity: sha512-yQbXgO/OSZVD2IsiLlro+7Hf6Q18EJrKSEsdoMzKePKXct3gvD8oLcOQdIzGupr5Fj+EDe8gO/lxc1BzfMpxvA==}
    engines: {node: '>=8'}

  buffer-from@1.1.2:
    resolution: {integrity: sha512-E+XQCRwSbaaiChtv6k6Dwgc+bx+Bs6vuKJHHl5kox/BaKbhiXzqQOwK4cO22yElGp2OCmjwVhT3HmxgyPGnJfQ==}

  bun@1.1.12:
    resolution: {integrity: sha512-NZzeZuZk7VwCs8VAXnXUHCPOlTS/IyHCscChtT1M1FLSwhBcVMsGVStYlXaaoqsinBKgp0CGJdhnJw2gR3NkDw==}
    os: [darwin, linux, win32]
    hasBin: true

  chalk@3.0.0:
    resolution: {integrity: sha512-4D3B6Wf41KOYRFdszmDqMCGq5VV/uMAB273JILmO+3jAlh8X4qDtdtgCR3fxtbLEMzSx22QdhnDcJvu2u1fVwg==}
    engines: {node: '>=8'}

  charm@0.1.2:
    resolution: {integrity: sha512-syedaZ9cPe7r3hoQA9twWYKu5AIyCswN5+szkmPBe9ccdLrj4bYaCnLVPTLd2kgVRc7+zoX4tyPgRnFKCj5YjQ==}

  chokidar@3.6.0:
    resolution: {integrity: sha512-7VT13fmjotKpGipCW9JEQAusEPE+Ei8nl6/g4FBAmIm0GOOLMua9NDDo/DWp0ZAxCr3cPq5ZpBqmPAQgDda2Pw==}
    engines: {node: '>= 8.10.0'}

  cli-tableau@2.0.1:
    resolution: {integrity: sha512-he+WTicka9cl0Fg/y+YyxcN6/bfQ/1O3QmgxRXDhABKqLzvoOSM4fMzp39uMyLBulAFuywD2N7UaoQE7WaADxQ==}
    engines: {node: '>=8.10.0'}

  color-convert@2.0.1:
    resolution: {integrity: sha512-RRECPsj7iu/xb5oKYcsFHSppFNnsj/52OVTRKb4zP5onXwVF3zVmmToNcOfGC+CRDpfK/U584fMg38ZHCaElKQ==}
    engines: {node: '>=7.0.0'}

  color-name@1.1.4:
    resolution: {integrity: sha512-dOy+3AuW3a2wNbZHIuMZpTcgjGuLU/uBL/ubcZF9OXbDo8ff4O8yVp5Bf0efS8uEoYo5q4Fx7dY9OgQGXgAsQA==}

  commander@2.15.1:
    resolution: {integrity: sha512-VlfT9F3V0v+jr4yxPc5gg9s62/fIVWsd2Bk2iD435um1NlGMYdVCq+MjcXnhYq2icNOizHr1kK+5TI6H0Hy0ag==}

  concat-map@0.0.1:
    resolution: {integrity: sha512-/Srv4dswyQNBfohGpz9o6Yb3Gz3SrUDqBH5rTuhGR7ahtlbYKnVxw2bCFMRljaA7EXHaXZ8wsHdodFvbkhKmqg==}

  create-require@1.1.1:
    resolution: {integrity: sha512-dcKFX3jn0MpIaXjisoRvexIJVEKzaq7z2rZKxf+MSr9TkdmHmsU4m2lcLojrj/FHl8mk5VxMmYA+ftRkP/3oKQ==}

  croner@4.1.97:
    resolution: {integrity: sha512-/f6gpQuxDaqXu+1kwQYSckUglPaOrHdbIlBAu0YuW8/Cdb45XwXYNUBXg3r/9Mo6n540Kn/smKcZWko5x99KrQ==}

  culvert@0.1.2:
    resolution: {integrity: sha512-yi1x3EAWKjQTreYWeSd98431AV+IEE0qoDyOoaHJ7KJ21gv6HtBXHVLX74opVSGqcR8/AbjJBHAHpcOy2bj5Gg==}

  data-uri-to-buffer@6.0.2:
    resolution: {integrity: sha512-7hvf7/GW8e86rW0ptuwS3OcBGDjIi6SZva7hCyWC0yYry2cOPmLIjXAUHI6DK2HsnwJd9ifmt57i8eV2n4YNpw==}
    engines: {node: '>= 14'}

  date-format@4.0.14:
    resolution: {integrity: sha512-39BOQLs9ZjKh0/patS9nrT8wc3ioX3/eA/zgbKNopnF2wCqJEoxywwwElATYvRsXdnOxA/OQeQoFZ3rFjVajhg==}
    engines: {node: '>=4.0'}

  dayjs@1.11.11:
    resolution: {integrity: sha512-okzr3f11N6WuqYtZSvm+F776mB41wRZMhKP+hc34YdW+KmtYYK9iqvHSwo2k9FEH3fhGXvOPV6yz2IcSrfRUDg==}

  dayjs@1.8.36:
    resolution: {integrity: sha512-3VmRXEtw7RZKAf+4Tv1Ym9AGeo8r8+CjDi26x+7SYQil1UqtqdaokhzoEJohqlzt0m5kacJSDhJQkG/LWhpRBw==}

  debug@3.2.7:
    resolution: {integrity: sha512-CFjzYYAi4ThfiQvizrFQevTTXHtnCqWfe7x1AhgEscTz6ZbLbfoLRLPugTQyBth6f8ZERVUSyWHFD/7Wu4t1XQ==}
    peerDependencies:
      supports-color: '*'
    peerDependenciesMeta:
      supports-color:
        optional: true

  debug@4.3.5:
    resolution: {integrity: sha512-pt0bNEmneDIvdL1Xsd9oDQ/wrQRkXDT4AUWlNZNPKvW5x/jyO9VFXkJUP07vQ2upmw5PlaITaPKc31jK13V+jg==}
    engines: {node: '>=6.0'}
    peerDependencies:
      supports-color: '*'
    peerDependenciesMeta:
      supports-color:
        optional: true

  degenerator@5.0.1:
    resolution: {integrity: sha512-TllpMR/t0M5sqCXfj85i4XaAzxmS5tVA16dqvdkMwGmzI+dXLXnw3J+3Vdv7VKw+ThlTMboK6i9rnZ6Nntj5CQ==}
    engines: {node: '>= 14'}

  diff@4.0.2:
    resolution: {integrity: sha512-58lmxKSA4BNyLz+HHMUzlOEpg09FV+ev6ZMe3vJihgdxzgcwZ8VoEEPmALCZG9LmqfVoNMMKpttIYTVG6uDY7A==}
    engines: {node: '>=0.3.1'}

  enquirer@2.3.6:
    resolution: {integrity: sha512-yjNnPr315/FjS4zIsUxYguYUPP2e1NK4d7E7ZOLiyYCcbFBiTMyID+2wvm2w6+pZ/odMA7cRkjhsPbltwBOrLg==}
    engines: {node: '>=8.6'}

  escape-string-regexp@4.0.0:
    resolution: {integrity: sha512-TtpcNJ3XAzx3Gq8sWRzJaVajRs0uVxA2YAkdb1jm2YkPz4G6egUFAyA3n5vtEIZefPk5Wa4UXbKuS5fKkJWdgA==}
    engines: {node: '>=10'}

  escodegen@2.1.0:
    resolution: {integrity: sha512-2NlIDTwUWJN0mRPQOdtQBzbUHvdGY2P1VXSyU83Q3xKxM7WHX2Ql8dKq782Q9TgQUNOLEzEYu9bzLNj1q88I5w==}
    engines: {node: '>=6.0'}
    hasBin: true

  esprima@4.0.1:
    resolution: {integrity: sha512-eGuFFw7Upda+g4p+QHvnW0RyTX/SVeJBDM/gCtMARO0cLuT2HcEKnTPvhjV6aGeqrCB/sbNop0Kszm0jsaWU4A==}
    engines: {node: '>=4'}
    hasBin: true

  estraverse@5.3.0:
    resolution: {integrity: sha512-MMdARuVEQziNTeJD8DgMqmhwR11BRQ/cBP+pLtYdSTnf3MIO8fFeiINEbX36ZdNlfU/7A9f3gUw49B3oQsvwBA==}
    engines: {node: '>=4.0'}

  esutils@2.0.3:
    resolution: {integrity: sha512-kVscqXk4OCp68SZ0dkgEKVi6/8ij300KBWTJq32P/dYeWTSwK41WyTxalN1eRmA5Z9UU/LX9D7FWSmV9SAYx6g==}
    engines: {node: '>=0.10.0'}

  eventemitter2@0.4.14:
    resolution: {integrity: sha512-K7J4xq5xAD5jHsGM5ReWXRTFa3JRGofHiMcVgQ8PRwgWxzjHpMWCIzsmyf60+mh8KLsqYPcjUMa0AC4hd6lPyQ==}

  eventemitter2@5.0.1:
    resolution: {integrity: sha512-5EM1GHXycJBS6mauYAbVKT1cVs7POKWb2NXD4Vyt8dDqeZa7LaDK1/sjtL+Zb0lzTpSNil4596Dyu97hz37QLg==}

  eventemitter2@6.4.9:
    resolution: {integrity: sha512-JEPTiaOt9f04oa6NOkc4aH+nVp5I3wEjpHbIPqfgCdD5v5bUzy7xQqwcVO2aDQgOWhI28da57HksMrzK9HlRxg==}

  extrareqp2@1.0.0:
    resolution: {integrity: sha512-Gum0g1QYb6wpPJCVypWP3bbIuaibcFiJcpuPM10YSXp/tzqi84x9PJageob+eN4xVRIOto4wjSGNLyMD54D2xA==}

  fast-json-patch@3.1.1:
    resolution: {integrity: sha512-vf6IHUX2SBcA+5/+4883dsIjpBTqmfBjmYiWK1savxQmFk4JfBMLa7ynTYOs1Rolp/T1betJxHiGD3g1Mn8lUQ==}

  fclone@1.0.11:
    resolution: {integrity: sha512-GDqVQezKzRABdeqflsgMr7ktzgF9CyS+p2oe0jJqUY6izSSbhPIQJDpoU4PtGcD7VPM9xh/dVrTu6z1nwgmEGw==}

  fill-range@7.1.1:
    resolution: {integrity: sha512-YsGpe3WHLK8ZYi4tWDg2Jy3ebRz2rXowDxnld4bkQB00cc/1Zw9AWnC0i9ztDJitivtQvaI9KaLyKrc+hBW0yg==}
    engines: {node: '>=8'}

  flatted@3.3.1:
    resolution: {integrity: sha512-X8cqMLLie7KsNUDSdzeN8FYK9rEt4Dt67OsG/DNGnYTSDBG4uFAJFBnUeiV+zCVAvwFy56IjM9sH51jVaEhNxw==}

  follow-redirects@1.15.6:
    resolution: {integrity: sha512-wWN62YITEaOpSK584EZXJafH1AGpO8RVgElfkuXbTOrPX4fIfOyEpW/CsiNd8JdYrAoOvafRTOEnvsO++qCqFA==}
    engines: {node: '>=4.0'}
    peerDependencies:
      debug: '*'
    peerDependenciesMeta:
      debug:
        optional: true

  fs-extra@11.2.0:
    resolution: {integrity: sha512-PmDi3uwK5nFuXh7XDTlVnS17xJS7vW36is2+w3xcv8SVxiB4NyATf4ctkVY5bkSjX0Y4nbvZCq1/EjtEyr9ktw==}
    engines: {node: '>=14.14'}

  fs-extra@8.1.0:
    resolution: {integrity: sha512-yhlQgA6mnOJUKOsRUFsgJdQCvkKhcz8tlZG5HBQfReYZy46OwLcY+Zia0mtdHsOo9y/hP+CxMN0TU9QxoOtG4g==}
    engines: {node: '>=6 <7 || >=8'}

  fsevents@2.3.3:
    resolution: {integrity: sha512-5xoDfX+fL7faATnagmWPpbFtwh/R77WmMMqqHGS65C3vvB0YHrgF+B1YmZ3441tMj5n63k0212XNoJwzlhffQw==}
    engines: {node: ^8.16.0 || ^10.6.0 || >=11.0.0}
    os: [darwin]

  function-bind@1.1.2:
    resolution: {integrity: sha512-7XHNxH7qX9xG5mIwxkhumTox/MIRNcOgDrxWsMt2pAr23WHp6MrRlN7FBSFpCpr+oVO0F744iUgR82nJMfG2SA==}

  get-uri@6.0.3:
    resolution: {integrity: sha512-BzUrJBS9EcUb4cFol8r4W3v1cPsSyajLSthNkz5BxbpDcHN5tIrM10E2eNvfnvBn3DaT3DUgx0OpsBKkaOpanw==}
    engines: {node: '>= 14'}

  git-node-fs@1.0.0:
    resolution: {integrity: sha512-bLQypt14llVXBg0S0u8q8HmU7g9p3ysH+NvVlae5vILuUvs759665HvmR5+wb04KjHyjFcDRxdYb4kyNnluMUQ==}
    peerDependencies:
      js-git: ^0.7.8
    peerDependenciesMeta:
      js-git:
        optional: true

  git-sha1@0.1.2:
    resolution: {integrity: sha512-2e/nZezdVlyCopOCYHeW0onkbZg7xP1Ad6pndPy1rCygeRykefUS6r7oA5cJRGEFvseiaz5a/qUHFVX1dd6Isg==}

  glob-parent@5.1.2:
    resolution: {integrity: sha512-AOIgSQCepiJYwP3ARnGx+5VnTu2HBYdzbGP45eLw1vr3zB3vZLeyed1sC9hnbcOc9/SrMyM5RPQrkGz4aS9Zow==}
    engines: {node: '>= 6'}

  graceful-fs@4.2.11:
    resolution: {integrity: sha512-RbJ5/jmFcNNCcDV5o9eTnBLJ/HszWV0P73bc+Ff4nS/rJj+YaS6IGyiOL0VoBYX+l1Wrl3k63h/KrH+nhJ0XvQ==}

  has-flag@3.0.0:
    resolution: {integrity: sha512-sKJf1+ceQBr4SMkvQnBDNDtf4TXpVhVGateu0t918bl30FnbE2m4vNLX+VWe/dpjlb+HugGYzW7uQXH98HPEYw==}
    engines: {node: '>=4'}

  has-flag@4.0.0:
    resolution: {integrity: sha512-EykJT/Q1KjTWctppgIAgfSO0tKVuZUjhgMr17kqTumMl6Afv3EISleU7qZUzoXDFTAHTDC4NOoG/ZxU3EvlMPQ==}
    engines: {node: '>=8'}

  hasown@2.0.2:
    resolution: {integrity: sha512-0hJU9SCPvmMzIBdZFqNPXWa6dqh7WdH0cII9y+CyS8rG3nL48Bclra9HmKhVVUHyPWNH5Y7xDwAB7bfgSjkUMQ==}
    engines: {node: '>= 0.4'}

  http-proxy-agent@7.0.2:
    resolution: {integrity: sha512-T1gkAiYYDWYx3V5Bmyu7HcfcvL7mUrTWiM6yOfa3PIphViJ/gFPbvidQ+veqSOHci/PxBcDabeUNCzpOODJZig==}
    engines: {node: '>= 14'}

  https-proxy-agent@7.0.4:
    resolution: {integrity: sha512-wlwpilI7YdjSkWaQ/7omYBMTliDcmCN8OLihO6I9B86g06lMyAoqgoDpV0XqoaPOKj+0DIdAvnsWfyAAhmimcg==}
    engines: {node: '>= 14'}

  iconv-lite@0.4.24:
    resolution: {integrity: sha512-v3MXnZAcvnywkTUEZomIActle7RXXeedOR31wwl7VlyoXO4Qi9arvSenNQWne1TcRwhCL1HwLI21bEqdpj8/rA==}
    engines: {node: '>=0.10.0'}

  ignore-by-default@1.0.1:
    resolution: {integrity: sha512-Ius2VYcGNk7T90CppJqcIkS5ooHUZyIQK+ClZfMfMNFEF9VSE73Fq+906u/CWu92x4gzZMWOwfFYckPObzdEbA==}

  ini@1.3.8:
    resolution: {integrity: sha512-JV/yugV2uzW5iMRSiZAyDtQd+nxtUnjeLt0acNdw98kKLrvuRVyB80tsREOE7yvGVgalhZ6RNXCmEHkUKBKxew==}

  ip-address@9.0.5:
    resolution: {integrity: sha512-zHtQzGojZXTwZTHQqra+ETKd4Sn3vgi7uBmlPoXVWZqYvuKmtI0l/VZTjqGmJY9x88GGOaZ9+G9ES8hC4T4X8g==}
    engines: {node: '>= 12'}

  is-binary-path@2.1.0:
    resolution: {integrity: sha512-ZMERYes6pDydyuGidse7OsHxtbI7WVeUEozgR/g7rd0xUimYNlvZRE/K2MgZTjWy725IfelLeVcEM97mmtRGXw==}
    engines: {node: '>=8'}

  is-core-module@2.13.1:
    resolution: {integrity: sha512-hHrIjvZsftOsvKSn2TRYl63zvxsgE0K+0mYMoH6gD4omR5IWB2KynivBQczo3+wF1cCkjzvptnI9Q0sPU66ilw==}

  is-extglob@2.1.1:
    resolution: {integrity: sha512-SbKbANkN603Vi4jEZv49LeVJMn4yGwsbzZworEoyEiutsN3nJYdbO36zfhGJ6QEDpOZIFkDtnq5JRxmvl3jsoQ==}
    engines: {node: '>=0.10.0'}

  is-glob@4.0.3:
    resolution: {integrity: sha512-xelSayHH36ZgE7ZWhli7pW34hNbNl8Ojv5KVmkJD4hBdD3th8Tfk9vYasLM+mXWOZhFkgZfxhLSnrwRr4elSSg==}
    engines: {node: '>=0.10.0'}

  is-number@7.0.0:
    resolution: {integrity: sha512-41Cifkg6e8TylSpdtTpeLVMqvSBEVzTttHvERD741+pnZ8ANv0004MRL43QKPDlK9cGvNp6NZWZUBlbGXYxxng==}
    engines: {node: '>=0.12.0'}

  js-git@0.7.8:
    resolution: {integrity: sha512-+E5ZH/HeRnoc/LW0AmAyhU+mNcWBzAKE+30+IDMLSLbbK+Tdt02AdkOKq9u15rlJsDEGFqtgckc8ZM59LhhiUA==}

  js-yaml@4.1.0:
    resolution: {integrity: sha512-wpxZs9NoxZaJESJGIZTyDEaYpl0FKSA+FB9aJiyemKhMwkxQg63h4T1KJgUGHpTqPDNRcmmYLugrRjJlBtWvRA==}
    hasBin: true

  jsbn@1.1.0:
    resolution: {integrity: sha512-4bYVV3aAMtDTTu4+xsDYa6sy9GyJ69/amsu9sYF2zqjiEoZA5xJi3BrfX3uY+/IekIu7MwdObdbDWpoZdBv3/A==}

  json-stringify-safe@5.0.1:
    resolution: {integrity: sha512-ZClg6AaYvamvYEE82d3Iyd3vSSIjQ+odgjaTzRuO3s7toCdFKczob2i0zCh7JE8kWn17yvAWhUVxvqGwUalsRA==}

  jsonfile@4.0.0:
    resolution: {integrity: sha512-m6F1R3z8jjlf2imQHS2Qez5sjKWQzbuuhuJ/FKYFRZvPE3PuHcSMVZzfsLhGVOkfd20obL5SWEBew5ShlquNxg==}

  jsonfile@6.1.0:
    resolution: {integrity: sha512-5dgndWOriYSm5cnYaJNhalLNDKOqFwyDB/rr1E9ZsGciGvKPs8R2xYGCacuf3z6K1YKDz182fd+fY3cn3pMqXQ==}

  lazy@1.0.11:
    resolution: {integrity: sha512-Y+CjUfLmIpoUCCRl0ub4smrYtGGr5AOa2AKOaWelGHOGz33X/Y/KizefGqbkwfz44+cnq/+9habclf8vOmu2LA==}
    engines: {node: '>=0.2.0'}

  lodash@4.17.21:
    resolution: {integrity: sha512-v2kDEe57lecTulaDIuNTPy3Ry4gLGJ6Z1O3vE1krgXZNrsQ+LFTGHVxVjcXPs17LhbZVGedAJv8XZ1tvj5FvSg==}

  log4js@6.9.1:
    resolution: {integrity: sha512-1somDdy9sChrr9/f4UlzhdaGfDR2c/SaD2a4T7qEkG4jTS57/B3qmnjLYePwQ8cqWnUHZI0iAKxMBpCZICiZ2g==}
    engines: {node: '>=8.0'}

  lru-cache@6.0.0:
    resolution: {integrity: sha512-Jo6dJ04CmSjuznwJSS3pUeWmd/H0ffTlkXXgwZi+eq1UCmqQwCh+eLsYOYCwY991i2Fah4h1BEMCx4qThGbsiA==}
    engines: {node: '>=10'}

  lru-cache@7.18.3:
    resolution: {integrity: sha512-jumlc0BIUrS3qJGgIkWZsyfAM7NCWiBcCDhnd+3NNM5KbBmLTgHVfWBcg6W+rLUsIpzpERPsvwUP7CckAQSOoA==}
    engines: {node: '>=12'}

  make-error@1.3.6:
    resolution: {integrity: sha512-s8UhlNe7vPKomQhC1qFelMokr/Sc3AgNbso3n74mVPA5LTZwkB9NlXf4XPamLxJE8h0gh73rM94xvwRT2CVInw==}

  minimatch@3.1.2:
    resolution: {integrity: sha512-J7p63hRiAjw1NDEww1W7i37+ByIrOWO5XQQAzZ3VOcL0PNybwpfmV/N05zFAzwQ9USyEcX6t3UO+K5aqBQOIHw==}

  mkdirp@1.0.4:
    resolution: {integrity: sha512-vVqVZQyf3WLx2Shd0qJ9xuvqgAyKPLAiqITEtqW0oIUjzo3PePDd6fW9iFz30ef7Ysp/oiWqbhszeGWW2T6Gzw==}
    engines: {node: '>=10'}
    hasBin: true

  module-details-from-path@1.0.3:
    resolution: {integrity: sha512-ySViT69/76t8VhE1xXHK6Ch4NcDd26gx0MzKXLO+F7NOtnqH68d9zF94nT8ZWSxXh8ELOERsnJO/sWt1xZYw5A==}

  ms@2.1.2:
    resolution: {integrity: sha512-sGkPx+VjMtmA6MX27oA4FBFELFCZZ4S4XqeGOXCv68tT+jb3vk/RyaKWP0PTKyWtmLSM0b+adUTEvbs1PEaH2w==}

  ms@2.1.3:
    resolution: {integrity: sha512-6FlzubTLZG3J2a/NVCAleEhjzq5oxgHyaCU9yYXvcLsvoVaHJq/s5xXI6/XXP6tz7R9xAOtHnSO/tXtF3WRTlA==}

  mute-stream@0.0.8:
    resolution: {integrity: sha512-nnbWWOkoWyUsTjKrhgD0dcz22mdkSnpYqbEjIm2nhwhuxlSkpywJmBo8h0ZqJdkp73mb90SssHkN4rsRaBAfAA==}

  needle@2.4.0:
    resolution: {integrity: sha512-4Hnwzr3mi5L97hMYeNl8wRW/Onhy4nUKR/lVemJ8gJedxxUyBLm9kkrDColJvoSfwi0jCNhD+xCdOtiGDQiRZg==}
    engines: {node: '>= 4.4.x'}
    hasBin: true

  netmask@2.0.2:
    resolution: {integrity: sha512-dBpDMdxv9Irdq66304OLfEmQ9tbNRFnFTuZiLo+bD+r332bBmMJ8GBLXklIXXgxd3+v9+KUnZaUR5PJMa75Gsg==}
    engines: {node: '>= 0.4.0'}

  nodemon@3.1.3:
    resolution: {integrity: sha512-m4Vqs+APdKzDFpuaL9F9EVOF85+h070FnkHVEoU4+rmT6Vw0bmNl7s61VEkY/cJkL7RCv1p4urnUDUMrS5rk2w==}
    engines: {node: '>=10'}
    hasBin: true

  normalize-path@3.0.0:
    resolution: {integrity: sha512-6eZs5Ls3WtCisHWp9S2GUy8dqkpGi4BVSz3GaqiE6ezub0512ESztXUwUB6C6IKbQkY2Pnb/mD4WYojCRwcwLA==}
    engines: {node: '>=0.10.0'}

  nssocket@0.6.0:
    resolution: {integrity: sha512-a9GSOIql5IqgWJR3F/JXG4KpJTA3Z53Cj0MeMvGpglytB1nxE4PdFNC0jINe27CS7cGivoynwc054EzCcT3M3w==}
    engines: {node: '>= 0.10.x'}

  pac-proxy-agent@7.0.1:
    resolution: {integrity: sha512-ASV8yU4LLKBAjqIPMbrgtaKIvxQri/yh2OpI+S6hVa9JRkUI3Y3NPFbfngDtY7oFtSMD3w31Xns89mDa3Feo5A==}
    engines: {node: '>= 14'}

  pac-resolver@7.0.1:
    resolution: {integrity: sha512-5NPgf87AT2STgwa2ntRMr45jTKrYBGkVU36yT0ig/n/GMAa3oPqhZfIQ2kMEimReg0+t9kZViDVZ83qfVUlckg==}
    engines: {node: '>= 14'}

  pako@0.2.9:
    resolution: {integrity: sha512-NUcwaKxUxWrZLpDG+z/xZaCgQITkA/Dv4V/T6bw7VON6l1Xz/VnrBqrYjZQ12TamKHzITTfOEIYUj48y2KXImA==}

  path-parse@1.0.7:
    resolution: {integrity: sha512-LDJzPVEEEPR+y48z93A0Ed0yXb8pAByGWo/k5YYdYgpY2/2EsOsksJrq7lOHxryrVOn1ejG6oAp8ahvOIQD8sw==}

  picomatch@2.3.1:
    resolution: {integrity: sha512-JU3teHTNjmE2VCGFzuY8EXzCDVwEqB2a8fsIvwaStHhAWJEeVd1o1QD80CU6+ZdEXXSLbSsuLwJjkCBWqRQUVA==}
    engines: {node: '>=8.6'}

  pidusage@2.0.21:
    resolution: {integrity: sha512-cv3xAQos+pugVX+BfXpHsbyz/dLzX+lr44zNMsYiGxUw+kV5sgQCIcLd1z+0vq+KyC7dJ+/ts2PsfgWfSC3WXA==}
    engines: {node: '>=8'}

  pidusage@3.0.2:
    resolution: {integrity: sha512-g0VU+y08pKw5M8EZ2rIGiEBaB8wrQMjYGFfW2QVIfyT8V+fq8YFLkvlz4bz5ljvFDJYNFCWT3PWqcRr2FKO81w==}
    engines: {node: '>=10'}

  pm2-axon-rpc@0.7.1:
    resolution: {integrity: sha512-FbLvW60w+vEyvMjP/xom2UPhUN/2bVpdtLfKJeYM3gwzYhoTEEChCOICfFzxkxuoEleOlnpjie+n1nue91bDQw==}
    engines: {node: '>=5'}

  pm2-axon@4.0.1:
    resolution: {integrity: sha512-kES/PeSLS8orT8dR5jMlNl+Yu4Ty3nbvZRmaAtROuVm9nYYGiaoXqqKQqQYzWQzMYWUKHMQTvBlirjE5GIIxqg==}
    engines: {node: '>=5'}

  pm2-deploy@1.0.2:
    resolution: {integrity: sha512-YJx6RXKrVrWaphEYf++EdOOx9EH18vM8RSZN/P1Y+NokTKqYAca/ejXwVLyiEpNju4HPZEk3Y2uZouwMqUlcgg==}
    engines: {node: '>=4.0.0'}

  pm2-multimeter@0.1.2:
    resolution: {integrity: sha512-S+wT6XfyKfd7SJIBqRgOctGxaBzUOmVQzTAS+cg04TsEUObJVreha7lvCfX8zzGVr871XwCSnHUU7DQQ5xEsfA==}

  pm2-sysmonit@1.2.8:
    resolution: {integrity: sha512-ACOhlONEXdCTVwKieBIQLSi2tQZ8eKinhcr9JpZSUAL8Qy0ajIgRtsLxG/lwPOW3JEKqPyw/UaHmTWhUzpP4kA==}

  pm2@5.4.0:
    resolution: {integrity: sha512-9TrDuckcSEnINoURygr3yfruK20qXuOUPOPQyIh4FIskQduyDNst9ys1XAt9YPY3RyGxVr2+x8Irsdma3klVQw==}
    engines: {node: '>=12.0.0'}
    hasBin: true

  promptly@2.2.0:
    resolution: {integrity: sha512-aC9j+BZsRSSzEsXBNBwDnAxujdx19HycZoKgRgzWnS8eOHg1asuf9heuLprfbe739zY3IdUQx+Egv6Jn135WHA==}

  proxy-agent@6.3.1:
    resolution: {integrity: sha512-Rb5RVBy1iyqOtNl15Cw/llpeLH8bsb37gM1FUfKQ+Wck6xHlbAhWGUFiTRHtkjqGTA5pSHz6+0hrPW/oECihPQ==}
    engines: {node: '>= 14'}

  proxy-from-env@1.1.0:
    resolution: {integrity: sha512-D+zkORCbA9f1tdWRK0RaCR3GPv50cMxcrz4X8k5LTSUD1Dkw47mKJEZQNunItRTkWwgtaUSo1RVFRIG9ZXiFYg==}

  pstree.remy@1.1.8:
    resolution: {integrity: sha512-77DZwxQmxKnu3aR542U+X8FypNzbfJ+C5XQDk3uWjWxn6151aIMGthWYRXTqT1E5oJvg+ljaa2OJi+VfvCOQ8w==}

  read@1.0.7:
    resolution: {integrity: sha512-rSOKNYUmaxy0om1BNjMN4ezNT6VKK+2xF4GBhc81mkH7L60i6dp8qPYrkndNLT3QPphoII3maL9PVC9XmhHwVQ==}
    engines: {node: '>=0.8'}

  readdirp@3.6.0:
    resolution: {integrity: sha512-hOS089on8RduqdbhvQ5Z37A0ESjsqz6qnRcffsMU3495FuTdqSm+7bhJ29JvIOsBDEEnan5DPu9t3To9VRlMzA==}
    engines: {node: '>=8.10.0'}

  require-in-the-middle@5.2.0:
    resolution: {integrity: sha512-efCx3b+0Z69/LGJmm9Yvi4cqEdxnoGnxYxGxBghkkTTFeXRtTCmmhO0AnAfHz59k957uTSuy8WaHqOs8wbYUWg==}
    engines: {node: '>=6'}

  resolve@1.22.8:
    resolution: {integrity: sha512-oKWePCxqpd6FlLvGV1VU0x7bkPmmCNolxzjMf4NczoDnQcIWrAF+cPtZn5i6n+RfD2d9i0tzpKnG6Yk168yIyw==}
    hasBin: true

  rfdc@1.3.1:
    resolution: {integrity: sha512-r5a3l5HzYlIC68TpmYKlxWjmOP6wiPJ1vWv2HeLhNsRZMrCkxeqxiHlQ21oXmQ4F3SiryXBHhAD7JZqvOJjFmg==}

  run-series@1.1.9:
    resolution: {integrity: sha512-Arc4hUN896vjkqCYrUXquBFtRZdv1PfLbTYP71efP6butxyQ0kWpiNJyAgsxscmQg1cqvHY32/UCBzXedTpU2g==}

  safe-buffer@5.2.1:
    resolution: {integrity: sha512-rp3So07KcdmmKbGvgaNxQSJr7bGVSVk5S9Eq1F+ppbRo70+YeaDxkw5Dd8NPN+GD6bjnYm2VuPuCXmpuYvmCXQ==}

  safer-buffer@2.1.2:
    resolution: {integrity: sha512-YZo3K82SD7Riyi0E1EQPojLz7kpepnSQI9IyPbHHg1XXXevb5dJI7tpyN2ADxGcQbHG7vcyRHk0cbwqcQriUtg==}

  sax@1.4.1:
    resolution: {integrity: sha512-+aWOz7yVScEGoKNd4PA10LZ8sk0A/z5+nXQG5giUO5rprX9jgYsTdov9qCchZiPIZezbZH+jRut8nPodFAX4Jg==}

  semver@7.5.4:
    resolution: {integrity: sha512-1bCSESV6Pv+i21Hvpxp3Dx+pSD8lIPt8uVjRrxAUt/nbswYc+tK6Y2btiULjd4+fnq15PX+nqQDC7Oft7WkwcA==}
    engines: {node: '>=10'}
    hasBin: true

  semver@7.6.2:
    resolution: {integrity: sha512-FNAIBWCx9qcRhoHcgcJ0gvU7SN1lYU2ZXuSfl04bSC5OpvDHFyJCjdNHomPXxjQlCBU67YW64PzY7/VIEH7F2w==}
    engines: {node: '>=10'}
    hasBin: true

  shimmer@1.2.1:
    resolution: {integrity: sha512-sQTKC1Re/rM6XyFM6fIAGHRPVGvyXfgzIDvzoq608vM+jeyVD0Tu1E6Np0Kc2zAIFWIj963V2800iF/9LPieQw==}

  signal-exit@3.0.7:
    resolution: {integrity: sha512-wnD2ZE+l+SPC/uoS0vXeE9L1+0wuaMqKlfz9AMUo38JsyLSBWSFcHR1Rri62LZc12vLr1gb3jl7iwQhgwpAbGQ==}

  simple-update-notifier@2.0.0:
    resolution: {integrity: sha512-a2B9Y0KlNXl9u/vsW6sTIu9vGEpfKu2wRV6l1H3XEas/0gUIzGzBoP/IouTcUQbm9JWZLH3COxyn03TYlFax6w==}
    engines: {node: '>=10'}

  smart-buffer@4.2.0:
    resolution: {integrity: sha512-94hK0Hh8rPqQl2xXc3HsaBoOXKV20MToPkcXvwbISWLEs+64sBq5kFgn2kJDHb1Pry9yrP0dxrCI9RRci7RXKg==}
    engines: {node: '>= 6.0.0', npm: '>= 3.0.0'}

  socks-proxy-agent@8.0.3:
    resolution: {integrity: sha512-VNegTZKhuGq5vSD6XNKlbqWhyt/40CgoEw8XxD6dhnm8Jq9IEa3nIa4HwnM8XOqU0CdB0BwWVXusqiFXfHB3+A==}
    engines: {node: '>= 14'}

  socks@2.8.3:
    resolution: {integrity: sha512-l5x7VUUWbjVFbafGLxPWkYsHIhEvmF85tbIeFZWc8ZPtoMyybuEhL7Jye/ooC4/d48FgOjSJXgsF/AJPYCW8Zw==}
    engines: {node: '>= 10.0.0', npm: '>= 3.0.0'}

  source-map-support@0.5.21:
    resolution: {integrity: sha512-uBHU3L3czsIyYXKX88fdrGovxdSCoTGDRZ6SYXtSRxLZUzHg5P/66Ht6uoUlHu9EZod+inXhKo3qQgwXUT/y1w==}

  source-map@0.6.1:
    resolution: {integrity: sha512-UjgapumWlbMhkBgzT7Ykc5YXUT46F0iKu8SGXq0bcwP5dz/h0Plj6enJqjz1Zbq2l5WaqYnrVbwWOWMyF3F47g==}
    engines: {node: '>=0.10.0'}

  sprintf-js@1.1.2:
    resolution: {integrity: sha512-VE0SOVEHCk7Qc8ulkWw3ntAzXuqf7S2lvwQaDLRnUeIEaKNQJzV6BwmLKhOqT61aGhfUMrXeaBk+oDGCzvhcug==}

  sprintf-js@1.1.3:
    resolution: {integrity: sha512-Oo+0REFV59/rz3gfJNKQiBlwfHaSESl1pcGyABQsnnIfWOFt6JNj5gCog2U6MLZ//IGYD+nA8nI+mTShREReaA==}

  streamroller@3.1.5:
    resolution: {integrity: sha512-KFxaM7XT+irxvdqSP1LGLgNWbYN7ay5owZ3r/8t77p+EtSUAfUgtl7be3xtqtOmGUl9K9YPO2ca8133RlTjvKw==}
    engines: {node: '>=8.0'}

  supports-color@5.5.0:
    resolution: {integrity: sha512-QjVjwdXIt408MIiAqCX4oUKsgU2EqAGzs2Ppkm4aQYbjm+ZEWEcW4SfFNTr4uMNZma0ey4f5lgLrkB0aX0QMow==}
    engines: {node: '>=4'}

  supports-color@7.2.0:
    resolution: {integrity: sha512-qpCAvRl9stuOHveKsn7HncJRvv501qIacKzQlO/+Lwxc9+0q2wLyv4Dfvt80/DPn2pqOBsJdDiogXGR9+OvwRw==}
    engines: {node: '>=8'}

  supports-preserve-symlinks-flag@1.0.0:
    resolution: {integrity: sha512-ot0WnXS9fgdkgIcePe6RHNk1WA8+muPa6cSjeR3V8K27q9BB1rTE3R1p7Hv0z1ZyAc8s6Vvv8DIyWf681MAt0w==}
    engines: {node: '>= 0.4'}

  systeminformation@5.22.10:
    resolution: {integrity: sha512-RJ3oed80NkqgHtpB0TLkxEKEpQ3pUm2lgVolkHeoaExPidkWsj2D/hO6Rwwi9i+Odl1vm8TMiRNIKK7hBaqDsw==}
    engines: {node: '>=8.0.0'}
    os: [darwin, linux, win32, freebsd, openbsd, netbsd, sunos, android]
    hasBin: true

  to-regex-range@5.0.1:
    resolution: {integrity: sha512-65P7iz6X5yEr1cwcgvQxbbIw7Uk3gOy5dIdtZ4rDveLqhrdJP+Li/Hx6tyK0NEb+2GCyneCMJiGqrADCSNk8sQ==}
    engines: {node: '>=8.0'}

  touch@3.1.1:
    resolution: {integrity: sha512-r0eojU4bI8MnHr8c5bNo7lJDdI2qXlWWJk6a9EAFG7vbhTjElYhBVS3/miuE0uOuoLdb8Mc/rVfsmm6eo5o9GA==}
    hasBin: true

  ts-node@10.9.2:
    resolution: {integrity: sha512-f0FFpIdcHgn8zcPSbf1dRevwt047YMnaiJM3u2w2RewrB+fob/zePZcrOyQoLMMO7aBIddLcQIEK5dYjkLnGrQ==}
    hasBin: true
    peerDependencies:
      '@swc/core': '>=1.2.50'
      '@swc/wasm': '>=1.2.50'
      '@types/node': '*'
      typescript: '>=2.7'
    peerDependenciesMeta:
      '@swc/core':
        optional: true
      '@swc/wasm':
        optional: true

  tslib@1.9.3:
    resolution: {integrity: sha512-4krF8scpejhaOgqzBEcGM7yDIEfi0/8+8zDRZhNZZ2kjmHJ4hv3zCbQWxoJGz1iw5U0Jl0nma13xzHXcncMavQ==}

  tslib@2.6.3:
    resolution: {integrity: sha512-xNvxJEOUiWPGhUuUdQgAJPKOOJfGnIyKySOc09XkKsgdUV/3E2zvwZYdejjmRgPCgcym1juLH3226yA7sEFJKQ==}

  tv4@1.3.0:
    resolution: {integrity: sha512-afizzfpJgvPr+eDkREK4MxJ/+r8nEEHcmitwgnPUqpaP+FpwQyadnxNoSACbgc/b1LsZYtODGoPiFxQrgJgjvw==}
    engines: {node: '>= 0.8.0'}

  tx2@1.0.5:
    resolution: {integrity: sha512-sJ24w0y03Md/bxzK4FU8J8JveYYUbSs2FViLJ2D/8bytSiyPRbuE3DyL/9UKYXTZlV3yXq0L8GLlhobTnekCVg==}

  typescript@5.4.5:
    resolution: {integrity: sha512-vcI4UpRgg81oIRUFwR0WSIHKt11nJ7SAVlYNIu+QpqeyXP+gpQJy/Z4+F0aGxSE4MqwjyXvW/TzgkLAx2AGHwQ==}
    engines: {node: '>=14.17'}
    hasBin: true

  undefsafe@2.0.5:
    resolution: {integrity: sha512-WxONCrssBM8TSPRqN5EmsjVrsv4A8X12J4ArBiiayv3DyyG3ZlIg6yysuuSYdZsVz3TKcTg2fd//Ujd4CHV1iA==}

  undici-types@5.26.5:
    resolution: {integrity: sha512-JlCMO+ehdEIKqlFxk6IfVoAUVmgz7cU7zD/h9XZ0qzeosSHmUJVOzSQvvYSYWXkFXC+IfLKSIffhv0sVZup6pA==}

  universalify@0.1.2:
    resolution: {integrity: sha512-rBJeI5CXAlmy1pV+617WB9J63U6XcazHHF2f2dbJix4XzpUF0RS3Zbj0FGIOCAva5P/d/GBOYaACQ1w+0azUkg==}
    engines: {node: '>= 4.0.0'}

  universalify@2.0.1:
    resolution: {integrity: sha512-gptHNQghINnc/vTGIk0SOFGFNXw7JVrlRUtConJRlvaw6DuX0wO5Jeko9sWrMBhh+PsYAZ7oXAiOnf/UKogyiw==}
    engines: {node: '>= 10.0.0'}

  v8-compile-cache-lib@3.0.1:
    resolution: {integrity: sha512-wa7YjyUGfNZngI/vtK0UHAN+lgDCxBPCylVXGp0zu59Fz5aiGtNXaq3DhIov063MorB+VfufLh3JlF2KdTK3xg==}

  vizion@2.2.1:
    resolution: {integrity: sha512-sfAcO2yeSU0CSPFI/DmZp3FsFE9T+8913nv1xWBOyzODv13fwkn6Vl7HqxGpkr9F608M+8SuFId3s+BlZqfXww==}
    engines: {node: '>=4.0'}

  ws@7.4.6:
    resolution: {integrity: sha512-YmhHDO4MzaDLB+M9ym/mDA5z0naX8j7SIlT8f8z+I0VtzsRbekxEutHSme7NPS2qE8StCYQNUnfWdXta/Yu85A==}
    engines: {node: '>=8.3.0'}
    peerDependencies:
      bufferutil: ^4.0.1
      utf-8-validate: ^5.0.2
    peerDependenciesMeta:
      bufferutil:
        optional: true
      utf-8-validate:
        optional: true

  ws@7.5.9:
    resolution: {integrity: sha512-F+P9Jil7UiSKSkppIiD94dN07AwvFixvLIj1Og1Rl9GGMuNipJnV9JzjD6XuqmAeiswGvUmNLjr5cFuXwNS77Q==}
    engines: {node: '>=8.3.0'}
    peerDependencies:
      bufferutil: ^4.0.1
      utf-8-validate: ^5.0.2
    peerDependenciesMeta:
      bufferutil:
        optional: true
      utf-8-validate:
        optional: true

  yallist@4.0.0:
    resolution: {integrity: sha512-3wdGidZyq5PB084XLES5TpOSRA3wjXAlIWMhum2kRcv/41Sn2emQ0dycQW4uZXLejwKvg6EsvbdlVL+FYEct7A==}

  yn@3.1.1:
    resolution: {integrity: sha512-Ux4ygGWsu2c7isFWe8Yu1YluJmqVhxqK2cLXNQA5AcC3QfbGNpM7fu0Y8b/z16pXLnFxZYvWhd3fhBY9DLmC6Q==}
    engines: {node: '>=6'}

snapshots:

  '@cspotcode/source-map-support@0.8.1':
    dependencies:
      '@jridgewell/trace-mapping': 0.3.9

  '@jridgewell/resolve-uri@3.1.2': {}

  '@jridgewell/sourcemap-codec@1.4.15': {}

  '@jridgewell/trace-mapping@0.3.9':
    dependencies:
      '@jridgewell/resolve-uri': 3.1.2
      '@jridgewell/sourcemap-codec': 1.4.15

  '@oven/bun-darwin-aarch64@1.1.12':
    optional: true

  '@oven/bun-darwin-x64-baseline@1.1.12':
    optional: true

  '@oven/bun-darwin-x64@1.1.12':
    optional: true

  '@oven/bun-linux-aarch64@1.1.12':
    optional: true

  '@oven/bun-linux-x64-baseline@1.1.12':
    optional: true

  '@oven/bun-linux-x64@1.1.12':
    optional: true

  '@oven/bun-windows-x64-baseline@1.1.12':
    optional: true

  '@oven/bun-windows-x64@1.1.12':
    optional: true

  '@pm2/agent@2.0.3':
    dependencies:
      async: 3.2.5
      chalk: 3.0.0
      dayjs: 1.8.36
      debug: 4.3.5(supports-color@5.5.0)
      eventemitter2: 5.0.1
      fast-json-patch: 3.1.1
      fclone: 1.0.11
      nssocket: 0.6.0
      pm2-axon: 4.0.1
      pm2-axon-rpc: 0.7.1
      proxy-agent: 6.3.1
      semver: 7.5.4
      ws: 7.4.6
    transitivePeerDependencies:
      - bufferutil
      - supports-color
      - utf-8-validate

  '@pm2/io@6.0.0':
    dependencies:
      async: 2.6.4
      debug: 4.3.5(supports-color@5.5.0)
      eventemitter2: 6.4.9
      require-in-the-middle: 5.2.0
      semver: 7.5.4
      shimmer: 1.2.1
      signal-exit: 3.0.7
      tslib: 1.9.3
    transitivePeerDependencies:
      - supports-color

  '@pm2/js-api@0.8.0':
    dependencies:
      async: 2.6.4
      debug: 4.3.5(supports-color@5.5.0)
      eventemitter2: 6.4.9
      extrareqp2: 1.0.0(debug@4.3.5)
      ws: 7.5.9
    transitivePeerDependencies:
      - bufferutil
      - supports-color
      - utf-8-validate

  '@pm2/pm2-version-check@1.0.4':
    dependencies:
      debug: 4.3.5(supports-color@5.5.0)
    transitivePeerDependencies:
      - supports-color

  '@tootallnate/quickjs-emscripten@0.23.0': {}

  '@tsconfig/node10@1.0.11': {}

  '@tsconfig/node12@1.0.11': {}

  '@tsconfig/node14@1.0.3': {}

  '@tsconfig/node16@1.0.4': {}

  '@types/node@20.14.1':
    dependencies:
      undici-types: 5.26.5

  acorn-walk@8.3.2: {}

  acorn@8.11.3: {}

  agent-base@7.1.1:
    dependencies:
      debug: 4.3.5(supports-color@5.5.0)
    transitivePeerDependencies:
      - supports-color

  amp-message@0.1.2:
    dependencies:
      amp: 0.3.1

  amp@0.3.1: {}

  ansi-colors@4.1.3: {}

  ansi-styles@4.3.0:
    dependencies:
      color-convert: 2.0.1

  anymatch@3.1.3:
    dependencies:
      normalize-path: 3.0.0
      picomatch: 2.3.1

  arg@4.1.3: {}

  argparse@2.0.1: {}

  ast-types@0.13.4:
    dependencies:
      tslib: 2.6.3

  async@2.6.4:
    dependencies:
      lodash: 4.17.21

  async@3.2.5: {}

  balanced-match@1.0.2: {}

  basic-ftp@5.0.5: {}

  binary-extensions@2.3.0: {}

  blessed@0.1.81: {}

  bodec@0.1.0: {}

  brace-expansion@1.1.11:
    dependencies:
      balanced-match: 1.0.2
      concat-map: 0.0.1

  braces@3.0.3:
    dependencies:
      fill-range: 7.1.1

  buffer-from@1.1.2: {}

  bun@1.1.12:
    optionalDependencies:
      '@oven/bun-darwin-aarch64': 1.1.12
      '@oven/bun-darwin-x64': 1.1.12
      '@oven/bun-darwin-x64-baseline': 1.1.12
      '@oven/bun-linux-aarch64': 1.1.12
      '@oven/bun-linux-x64': 1.1.12
      '@oven/bun-linux-x64-baseline': 1.1.12
      '@oven/bun-windows-x64': 1.1.12
      '@oven/bun-windows-x64-baseline': 1.1.12

  chalk@3.0.0:
    dependencies:
      ansi-styles: 4.3.0
      supports-color: 7.2.0

  charm@0.1.2: {}

  chokidar@3.6.0:
    dependencies:
      anymatch: 3.1.3
      braces: 3.0.3
      glob-parent: 5.1.2
      is-binary-path: 2.1.0
      is-glob: 4.0.3
      normalize-path: 3.0.0
      readdirp: 3.6.0
    optionalDependencies:
      fsevents: 2.3.3

  cli-tableau@2.0.1:
    dependencies:
      chalk: 3.0.0

  color-convert@2.0.1:
    dependencies:
      color-name: 1.1.4

  color-name@1.1.4: {}

  commander@2.15.1: {}

  concat-map@0.0.1: {}

  create-require@1.1.1: {}

  croner@4.1.97: {}

  culvert@0.1.2: {}

  data-uri-to-buffer@6.0.2: {}

  date-format@4.0.14: {}

  dayjs@1.11.11: {}

  dayjs@1.8.36: {}

  debug@3.2.7:
    dependencies:
      ms: 2.1.3

  debug@4.3.5(supports-color@5.5.0):
    dependencies:
      ms: 2.1.2
    optionalDependencies:
      supports-color: 5.5.0

  degenerator@5.0.1:
    dependencies:
      ast-types: 0.13.4
      escodegen: 2.1.0
      esprima: 4.0.1

  diff@4.0.2: {}

  enquirer@2.3.6:
    dependencies:
      ansi-colors: 4.1.3

  escape-string-regexp@4.0.0: {}

  escodegen@2.1.0:
    dependencies:
      esprima: 4.0.1
      estraverse: 5.3.0
      esutils: 2.0.3
    optionalDependencies:
      source-map: 0.6.1

  esprima@4.0.1: {}

  estraverse@5.3.0: {}

  esutils@2.0.3: {}

  eventemitter2@0.4.14: {}

  eventemitter2@5.0.1: {}

  eventemitter2@6.4.9: {}

  extrareqp2@1.0.0(debug@4.3.5):
    dependencies:
      follow-redirects: 1.15.6(debug@4.3.5)
    transitivePeerDependencies:
      - debug

  fast-json-patch@3.1.1: {}

  fclone@1.0.11: {}

  fill-range@7.1.1:
    dependencies:
      to-regex-range: 5.0.1

  flatted@3.3.1: {}

  follow-redirects@1.15.6(debug@4.3.5):
    optionalDependencies:
      debug: 4.3.5(supports-color@5.5.0)

  fs-extra@11.2.0:
    dependencies:
      graceful-fs: 4.2.11
      jsonfile: 6.1.0
      universalify: 2.0.1

  fs-extra@8.1.0:
    dependencies:
      graceful-fs: 4.2.11
      jsonfile: 4.0.0
      universalify: 0.1.2

  fsevents@2.3.3:
    optional: true

  function-bind@1.1.2: {}

  get-uri@6.0.3:
    dependencies:
      basic-ftp: 5.0.5
      data-uri-to-buffer: 6.0.2
      debug: 4.3.5(supports-color@5.5.0)
      fs-extra: 11.2.0
    transitivePeerDependencies:
      - supports-color

  git-node-fs@1.0.0(js-git@0.7.8):
    optionalDependencies:
      js-git: 0.7.8

  git-sha1@0.1.2: {}

  glob-parent@5.1.2:
    dependencies:
      is-glob: 4.0.3

  graceful-fs@4.2.11: {}

  has-flag@3.0.0: {}

  has-flag@4.0.0: {}

  hasown@2.0.2:
    dependencies:
      function-bind: 1.1.2

  http-proxy-agent@7.0.2:
    dependencies:
      agent-base: 7.1.1
      debug: 4.3.5(supports-color@5.5.0)
    transitivePeerDependencies:
      - supports-color

  https-proxy-agent@7.0.4:
    dependencies:
      agent-base: 7.1.1
      debug: 4.3.5(supports-color@5.5.0)
    transitivePeerDependencies:
      - supports-color

  iconv-lite@0.4.24:
    dependencies:
      safer-buffer: 2.1.2

  ignore-by-default@1.0.1: {}

  ini@1.3.8: {}

  ip-address@9.0.5:
    dependencies:
      jsbn: 1.1.0
      sprintf-js: 1.1.3

  is-binary-path@2.1.0:
    dependencies:
      binary-extensions: 2.3.0

  is-core-module@2.13.1:
    dependencies:
      hasown: 2.0.2

  is-extglob@2.1.1: {}

  is-glob@4.0.3:
    dependencies:
      is-extglob: 2.1.1

  is-number@7.0.0: {}

  js-git@0.7.8:
    dependencies:
      bodec: 0.1.0
      culvert: 0.1.2
      git-sha1: 0.1.2
      pako: 0.2.9

  js-yaml@4.1.0:
    dependencies:
      argparse: 2.0.1

  jsbn@1.1.0: {}

  json-stringify-safe@5.0.1:
    optional: true

  jsonfile@4.0.0:
    optionalDependencies:
      graceful-fs: 4.2.11

  jsonfile@6.1.0:
    dependencies:
      universalify: 2.0.1
    optionalDependencies:
      graceful-fs: 4.2.11

  lazy@1.0.11: {}

  lodash@4.17.21: {}

  log4js@6.9.1:
    dependencies:
      date-format: 4.0.14
      debug: 4.3.5(supports-color@5.5.0)
      flatted: 3.3.1
      rfdc: 1.3.1
      streamroller: 3.1.5
    transitivePeerDependencies:
      - supports-color

  lru-cache@6.0.0:
    dependencies:
      yallist: 4.0.0

  lru-cache@7.18.3: {}

  make-error@1.3.6: {}

  minimatch@3.1.2:
    dependencies:
      brace-expansion: 1.1.11

  mkdirp@1.0.4: {}

  module-details-from-path@1.0.3: {}

  ms@2.1.2: {}

  ms@2.1.3: {}

  mute-stream@0.0.8: {}

  needle@2.4.0:
    dependencies:
      debug: 3.2.7
      iconv-lite: 0.4.24
      sax: 1.4.1
    transitivePeerDependencies:
      - supports-color

  netmask@2.0.2: {}

  nodemon@3.1.3:
    dependencies:
      chokidar: 3.6.0
      debug: 4.3.5(supports-color@5.5.0)
      ignore-by-default: 1.0.1
      minimatch: 3.1.2
      pstree.remy: 1.1.8
      semver: 7.6.2
      simple-update-notifier: 2.0.0
      supports-color: 5.5.0
      touch: 3.1.1
      undefsafe: 2.0.5

  normalize-path@3.0.0: {}

  nssocket@0.6.0:
    dependencies:
      eventemitter2: 0.4.14
      lazy: 1.0.11

  pac-proxy-agent@7.0.1:
    dependencies:
      '@tootallnate/quickjs-emscripten': 0.23.0
      agent-base: 7.1.1
      debug: 4.3.5(supports-color@5.5.0)
      get-uri: 6.0.3
      http-proxy-agent: 7.0.2
      https-proxy-agent: 7.0.4
      pac-resolver: 7.0.1
      socks-proxy-agent: 8.0.3
    transitivePeerDependencies:
      - supports-color

  pac-resolver@7.0.1:
    dependencies:
      degenerator: 5.0.1
      netmask: 2.0.2

  pako@0.2.9: {}

  path-parse@1.0.7: {}

  picomatch@2.3.1: {}

  pidusage@2.0.21:
    dependencies:
      safe-buffer: 5.2.1
    optional: true

  pidusage@3.0.2:
    dependencies:
      safe-buffer: 5.2.1

  pm2-axon-rpc@0.7.1:
    dependencies:
      debug: 4.3.5(supports-color@5.5.0)
    transitivePeerDependencies:
      - supports-color

  pm2-axon@4.0.1:
    dependencies:
      amp: 0.3.1
      amp-message: 0.1.2
      debug: 4.3.5(supports-color@5.5.0)
      escape-string-regexp: 4.0.0
    transitivePeerDependencies:
      - supports-color

  pm2-deploy@1.0.2:
    dependencies:
      run-series: 1.1.9
      tv4: 1.3.0

  pm2-multimeter@0.1.2:
    dependencies:
      charm: 0.1.2

  pm2-sysmonit@1.2.8:
    dependencies:
      async: 3.2.5
      debug: 4.3.5(supports-color@5.5.0)
      pidusage: 2.0.21
      systeminformation: 5.22.10
      tx2: 1.0.5
    transitivePeerDependencies:
      - supports-color
    optional: true

  pm2@5.4.0:
    dependencies:
      '@pm2/agent': 2.0.3
      '@pm2/io': 6.0.0
      '@pm2/js-api': 0.8.0
      '@pm2/pm2-version-check': 1.0.4
      async: 3.2.5
      blessed: 0.1.81
      chalk: 3.0.0
      chokidar: 3.6.0
      cli-tableau: 2.0.1
      commander: 2.15.1
      croner: 4.1.97
      dayjs: 1.11.11
      debug: 4.3.5(supports-color@5.5.0)
      enquirer: 2.3.6
      eventemitter2: 5.0.1
      fclone: 1.0.11
      js-yaml: 4.1.0
      mkdirp: 1.0.4
      needle: 2.4.0
      pidusage: 3.0.2
      pm2-axon: 4.0.1
      pm2-axon-rpc: 0.7.1
      pm2-deploy: 1.0.2
      pm2-multimeter: 0.1.2
      promptly: 2.2.0
      semver: 7.6.2
      source-map-support: 0.5.21
      sprintf-js: 1.1.2
      vizion: 2.2.1
    optionalDependencies:
      pm2-sysmonit: 1.2.8
    transitivePeerDependencies:
      - bufferutil
      - supports-color
      - utf-8-validate

  promptly@2.2.0:
    dependencies:
      read: 1.0.7

  proxy-agent@6.3.1:
    dependencies:
      agent-base: 7.1.1
      debug: 4.3.5(supports-color@5.5.0)
      http-proxy-agent: 7.0.2
      https-proxy-agent: 7.0.4
      lru-cache: 7.18.3
      pac-proxy-agent: 7.0.1
      proxy-from-env: 1.1.0
      socks-proxy-agent: 8.0.3
    transitivePeerDependencies:
      - supports-color

  proxy-from-env@1.1.0: {}

  pstree.remy@1.1.8: {}

  read@1.0.7:
    dependencies:
      mute-stream: 0.0.8

  readdirp@3.6.0:
    dependencies:
      picomatch: 2.3.1

  require-in-the-middle@5.2.0:
    dependencies:
      debug: 4.3.5(supports-color@5.5.0)
      module-details-from-path: 1.0.3
      resolve: 1.22.8
    transitivePeerDependencies:
      - supports-color

  resolve@1.22.8:
    dependencies:
      is-core-module: 2.13.1
      path-parse: 1.0.7
      supports-preserve-symlinks-flag: 1.0.0

  rfdc@1.3.1: {}

  run-series@1.1.9: {}

  safe-buffer@5.2.1: {}

  safer-buffer@2.1.2: {}

  sax@1.4.1: {}

  semver@7.5.4:
    dependencies:
      lru-cache: 6.0.0

  semver@7.6.2: {}

  shimmer@1.2.1: {}

  signal-exit@3.0.7: {}

  simple-update-notifier@2.0.0:
    dependencies:
      semver: 7.6.2

  smart-buffer@4.2.0: {}

  socks-proxy-agent@8.0.3:
    dependencies:
      agent-base: 7.1.1
      debug: 4.3.5(supports-color@5.5.0)
      socks: 2.8.3
    transitivePeerDependencies:
      - supports-color

  socks@2.8.3:
    dependencies:
      ip-address: 9.0.5
      smart-buffer: 4.2.0

  source-map-support@0.5.21:
    dependencies:
      buffer-from: 1.1.2
      source-map: 0.6.1

  source-map@0.6.1: {}

  sprintf-js@1.1.2: {}

  sprintf-js@1.1.3: {}

  streamroller@3.1.5:
    dependencies:
      date-format: 4.0.14
      debug: 4.3.5(supports-color@5.5.0)
      fs-extra: 8.1.0
    transitivePeerDependencies:
      - supports-color

  supports-color@5.5.0:
    dependencies:
      has-flag: 3.0.0

  supports-color@7.2.0:
    dependencies:
      has-flag: 4.0.0

  supports-preserve-symlinks-flag@1.0.0: {}

  systeminformation@5.22.10:
    optional: true

  to-regex-range@5.0.1:
    dependencies:
      is-number: 7.0.0

  touch@3.1.1: {}

  ts-node@10.9.2(@types/node@20.14.1)(typescript@5.4.5):
    dependencies:
      '@cspotcode/source-map-support': 0.8.1
      '@tsconfig/node10': 1.0.11
      '@tsconfig/node12': 1.0.11
      '@tsconfig/node14': 1.0.3
      '@tsconfig/node16': 1.0.4
      '@types/node': 20.14.1
      acorn: 8.11.3
      acorn-walk: 8.3.2
      arg: 4.1.3
      create-require: 1.1.1
      diff: 4.0.2
      make-error: 1.3.6
      typescript: 5.4.5
      v8-compile-cache-lib: 3.0.1
      yn: 3.1.1

  tslib@1.9.3: {}

  tslib@2.6.3: {}

  tv4@1.3.0: {}

  tx2@1.0.5:
    dependencies:
      json-stringify-safe: 5.0.1
    optional: true

  typescript@5.4.5: {}

  undefsafe@2.0.5: {}

  undici-types@5.26.5: {}

  universalify@0.1.2: {}

  universalify@2.0.1: {}

  v8-compile-cache-lib@3.0.1: {}

  vizion@2.2.1:
    dependencies:
      async: 2.6.4
      git-node-fs: 1.0.0(js-git@0.7.8)
      ini: 1.3.8
      js-git: 0.7.8

  ws@7.4.6: {}

  ws@7.5.9: {}

  yallist@4.0.0: {}

  yn@3.1.1: {}
